
Microsoft Visual Studio Solution File, Format Version 12.00
# Visual Studio Version 17
VisualStudioVersion = 17.7.34221.43
MinimumVisualStudioVersion = 10.0.40219.1
Project("{888888A0-9F3D-457C-B088-3A5042F75D52}") = "FLOAT FRY week 6", "FLOAT FRY week 6\FLOAT FRY week 6.pyproj", "{AAA55378-D3A5-4A94-8CF4-9A6EF578AC27}"
EndProject
Global
	GlobalSection(SolutionConfigurationPlatforms) = preSolution
		Debug|Any CPU = Debug|Any CPU
		Release|Any CPU = Release|Any CPU
	EndGlobalSection
	GlobalSection(ProjectConfigurationPlatforms) = postSolution
		{AAA55378-D3A5-4A94-8CF4-9A6EF578AC27}.Debug|Any CPU.ActiveCfg = Debug|Any CPU
		{AAA55378-D3A5-4A94-8CF4-9A6EF578AC27}.Release|Any CPU.ActiveCfg = Release|Any CPU
	EndGlobalSection
	GlobalSection(SolutionProperties) = preSolution
		HideSolutionNode = FALSE
	EndGlobalSection
	GlobalSection(ExtensibilityGlobals) = postSolution
		SolutionGuid = {75F371C5-91DB-4460-A76A-9BF581C884D4}
	EndGlobalSection
EndGlobal
